{
  "pins" : [
    {
      "identity" : "displayerpackage",
      "kind" : "remoteSourceControl",
      "location" : "https://github.com/Anbarasan-S/DisplayerPackage.git",
      "state" : {
        "revision" : "6dd99bb4541c8a50d45160b19ab31330c2bb8ac5",
        "version" : "1.0.2"
      }
    }
  ],
  "version" : 2
}
